schema: '2.0'
stages:
  feat_engineering_processing:
    cmd: python src/feat_engineering.py
    deps:
    - path: data/test.csv
      md5: 56c8e9b0158928ad33807626b70eb438
      size: 6428171
    - path: data/train.csv
      md5: 14ddfc56c931255ee10d3859d0ac4fc0
      size: 10462804
    - path: src/feat_engineering.py
      md5: fa1328ad81363bc8018294dad4343645
      size: 9545
    outs:
    - path: data/test_prepared_feat_eng.csv
      md5: 7f39ef23dc0d16f508931b9210f68ea7
      size: 40002175
    - path: data/train_prepared_feat_eng.csv
      md5: 5c625caab4cf5c966020e224492add88
      size: 60870881
  feat_selection:
    cmd: python src/feat_selection.py
    deps:
    - path: data/train_prepared_feat_eng.csv
      md5: 5c625caab4cf5c966020e224492add88
      size: 60870881
    - path: src/feat_selection.py
      md5: 55d090c8e3586f49f14b84a554baf8c4
      size: 1753
    outs:
    - path: data/selected_feat.csv
      md5: bba05edb691d1423630b71b7d0ab72f3
      size: 325
  train-evaluate:
    cmd: python src/train_evaluate.py
    deps:
    - path: data/selected_feat.csv
      md5: bba05edb691d1423630b71b7d0ab72f3
      size: 325
    - path: data/train_prepared_feat_eng.csv
      md5: 5c625caab4cf5c966020e224492add88
      size: 60870881
    - path: src/train_evaluate.py
      md5: 19f5e66824aabfcdef6353006acd1e66
      size: 3490
    outs:
    - path: model/lineal_model.joblib
      md5: 688204de1dacfdeab8e63e9af262682f
      size: 1450
    - path: model/minmax_scaler.joblib
      md5: 0c9c02ad62e71b555de5a3a82af3916d
      size: 2335
    - path: notes/report.json
      md5: 58000b47aa8c6a817018d32e7803a320
      size: 132
