schema: '2.0'
stages:
  feat_engineering_processing:
    cmd: python src/feat_engineering.py
    deps:
    - path: data/test.csv
      md5: 56c8e9b0158928ad33807626b70eb438
      size: 6428171
    - path: data/train.csv
      md5: 14ddfc56c931255ee10d3859d0ac4fc0
      size: 10462804
    - path: src/feat_engineering.py
      md5: ce0a1614fc1ad3909ac8ee866ab224a1
      size: 13065
    outs:
    - path: data/test_prepared_feat_eng.csv
      md5: c4be3f57fd76ee4bbadce6768725929c
      size: 45326189
    - path: data/train_prepared_feat_eng.csv
      md5: 5383316035c79ddf1e09e644b14ed60b
      size: 68857118
  feat_selection:
    cmd: python src/feat_selection.py
    deps:
    - path: data/train_prepared_feat_eng.csv
      md5: 5383316035c79ddf1e09e644b14ed60b
      size: 68857118
    - path: src/feat_selection.py
      md5: 4ae128057114aa2ae8c2cf21ac116a48
      size: 1989
    outs:
    - path: data/selected_feat.csv
      md5: db2c2900fca6b5d11ba74958e72ca072
      size: 304
  train-evaluate:
    cmd: python src/train_evaluate.py
    deps:
    - path: data/selected_feat.csv
      md5: db2c2900fca6b5d11ba74958e72ca072
      size: 304
    - path: data/train_prepared_feat_eng.csv
      md5: 5383316035c79ddf1e09e644b14ed60b
      size: 68857118
    - path: src/train_evaluate.py
      md5: 6ca32f4dc8891e70ae52d2c45de90e50
      size: 3710
    outs:
    - path: model/xgboost_model.joblib
      md5: f6d24935bd891d14ae631ba0d0cc4020
      size: 633552
    - path: notes/report.json
      md5: 4ece1fdc594034ca330eae203d7d7ebe
      size: 361
